
Microsoft Visual Studio Solution File, Format Version 12.00
# Visual Studio Version 16
VisualStudioVersion = 16.0.32929.386
MinimumVisualStudioVersion = 10.0.40219.1
Project("{8BC9CEB8-8B4A-11D0-8D11-00A0C91BC942}") = "Tyuiu.NosovaVD.CoursControl_0", "Tyuiu.NosovaVD.CoursControl_0.vcxproj", "{A93CD638-5FD5-4A47-A230-5AAA331F2947}"
EndProject
Project("{2150E333-8FDC-42A3-9474-1A3956D46DE8}") = "Task1", "Task1", "{68ECD420-DA58-4B36-AA83-7CEFC343393A}"
EndProject
Project("{8BC9CEB8-8B4A-11D0-8D11-00A0C91BC942}") = "Tyuiu.NosovaVD.CoursControl_0.V2", "Tyuiu.NosovaVD.CoursControl_0.V2\Tyuiu.NosovaVD.CoursControl_0.V2.vcxproj", "{FFAB5A88-EE58-4E80-8525-B5945F1C9CD2}"
EndProject
Project("{8BC9CEB8-8B4A-11D0-8D11-00A0C91BC942}") = "Tyuiu.NosovaVD.CoursControl_0.V2.Lib", "Tyuiu.NosovaVD.CoursControl_0.V2.Lib\Tyuiu.NosovaVD.CoursControl_0.V2.Lib.vcxproj", "{CB1293B2-3D30-40C9-B44E-2893BE675240}"
EndProject
Project("{8BC9CEB8-8B4A-11D0-8D11-00A0C91BC942}") = "Tyuiu.NosovaVD.CoursControl_0.V2.Test", "Tyuiu.NosovaVD.CoursControl_0.V2.Test\Tyuiu.NosovaVD.CoursControl_0.V2.Test.vcxproj", "{C72F71F9-103F-479A-9DEF-120FBC915CEF}"
EndProject
Global
	GlobalSection(SolutionConfigurationPlatforms) = preSolution
		Debug|x64 = Debug|x64
		Debug|x86 = Debug|x86
		Release|x64 = Release|x64
		Release|x86 = Release|x86
	EndGlobalSection
	GlobalSection(ProjectConfigurationPlatforms) = postSolution
		{A93CD638-5FD5-4A47-A230-5AAA331F2947}.Debug|x64.ActiveCfg = Debug|x64
		{A93CD638-5FD5-4A47-A230-5AAA331F2947}.Debug|x64.Build.0 = Debug|x64
		{A93CD638-5FD5-4A47-A230-5AAA331F2947}.Debug|x86.ActiveCfg = Debug|Win32
		{A93CD638-5FD5-4A47-A230-5AAA331F2947}.Debug|x86.Build.0 = Debug|Win32
		{A93CD638-5FD5-4A47-A230-5AAA331F2947}.Release|x64.ActiveCfg = Release|x64
		{A93CD638-5FD5-4A47-A230-5AAA331F2947}.Release|x64.Build.0 = Release|x64
		{A93CD638-5FD5-4A47-A230-5AAA331F2947}.Release|x86.ActiveCfg = Release|Win32
		{A93CD638-5FD5-4A47-A230-5AAA331F2947}.Release|x86.Build.0 = Release|Win32
		{FFAB5A88-EE58-4E80-8525-B5945F1C9CD2}.Debug|x64.ActiveCfg = Debug|x64
		{FFAB5A88-EE58-4E80-8525-B5945F1C9CD2}.Debug|x64.Build.0 = Debug|x64
		{FFAB5A88-EE58-4E80-8525-B5945F1C9CD2}.Debug|x86.ActiveCfg = Debug|Win32
		{FFAB5A88-EE58-4E80-8525-B5945F1C9CD2}.Debug|x86.Build.0 = Debug|Win32
		{FFAB5A88-EE58-4E80-8525-B5945F1C9CD2}.Release|x64.ActiveCfg = Release|x64
		{FFAB5A88-EE58-4E80-8525-B5945F1C9CD2}.Release|x64.Build.0 = Release|x64
		{FFAB5A88-EE58-4E80-8525-B5945F1C9CD2}.Release|x86.ActiveCfg = Release|Win32
		{FFAB5A88-EE58-4E80-8525-B5945F1C9CD2}.Release|x86.Build.0 = Release|Win32
		{CB1293B2-3D30-40C9-B44E-2893BE675240}.Debug|x64.ActiveCfg = Debug|x64
		{CB1293B2-3D30-40C9-B44E-2893BE675240}.Debug|x64.Build.0 = Debug|x64
		{CB1293B2-3D30-40C9-B44E-2893BE675240}.Debug|x86.ActiveCfg = Debug|Win32
		{CB1293B2-3D30-40C9-B44E-2893BE675240}.Debug|x86.Build.0 = Debug|Win32
		{CB1293B2-3D30-40C9-B44E-2893BE675240}.Release|x64.ActiveCfg = Release|x64
		{CB1293B2-3D30-40C9-B44E-2893BE675240}.Release|x64.Build.0 = Release|x64
		{CB1293B2-3D30-40C9-B44E-2893BE675240}.Release|x86.ActiveCfg = Release|Win32
		{CB1293B2-3D30-40C9-B44E-2893BE675240}.Release|x86.Build.0 = Release|Win32
		{C72F71F9-103F-479A-9DEF-120FBC915CEF}.Debug|x64.ActiveCfg = Debug|x64
		{C72F71F9-103F-479A-9DEF-120FBC915CEF}.Debug|x64.Build.0 = Debug|x64
		{C72F71F9-103F-479A-9DEF-120FBC915CEF}.Debug|x86.ActiveCfg = Debug|Win32
		{C72F71F9-103F-479A-9DEF-120FBC915CEF}.Debug|x86.Build.0 = Debug|Win32
		{C72F71F9-103F-479A-9DEF-120FBC915CEF}.Release|x64.ActiveCfg = Release|x64
		{C72F71F9-103F-479A-9DEF-120FBC915CEF}.Release|x64.Build.0 = Release|x64
		{C72F71F9-103F-479A-9DEF-120FBC915CEF}.Release|x86.ActiveCfg = Release|Win32
		{C72F71F9-103F-479A-9DEF-120FBC915CEF}.Release|x86.Build.0 = Release|Win32
	EndGlobalSection
	GlobalSection(SolutionProperties) = preSolution
		HideSolutionNode = FALSE
	EndGlobalSection
	GlobalSection(NestedProjects) = preSolution
		{FFAB5A88-EE58-4E80-8525-B5945F1C9CD2} = {68ECD420-DA58-4B36-AA83-7CEFC343393A}
		{CB1293B2-3D30-40C9-B44E-2893BE675240} = {68ECD420-DA58-4B36-AA83-7CEFC343393A}
		{C72F71F9-103F-479A-9DEF-120FBC915CEF} = {68ECD420-DA58-4B36-AA83-7CEFC343393A}
	EndGlobalSection
	GlobalSection(ExtensibilityGlobals) = postSolution
		SolutionGuid = {FAE991D9-3E48-4E96-B31D-64A4889B46C9}
	EndGlobalSection
EndGlobal
